<?xml version="1.0" encoding="utf-8"?>
<Project ToolsVersion="4.0" xmlns="http://schemas.microsoft.com/developer/msbuild/2003">
  <ItemGroup>
    <Filter Include="Archivos de origen">
      <UniqueIdentifier>{4FC737F1-C7A5-4376-A066-2A32D752A2FF}</UniqueIdentifier>
      <Extensions>cpp;c;cc;cxx;def;odl;idl;hpj;bat;asm;asmx</Extensions>
    </Filter>
    <Filter Include="Archivos de encabezado">
      <UniqueIdentifier>{93995380-89BD-4b04-88EB-625FBE52EBFB}</UniqueIdentifier>
      <Extensions>h;hh;hpp;hxx;hm;inl;inc;ipp;xsd</Extensions>
    </Filter>
    <Filter Include="Archivos de recursos">
      <UniqueIdentifier>{67DA6AB6-F800-4c08-8B7A-83BB121AAD01}</UniqueIdentifier>
      <Extensions>rc;ico;cur;bmp;dlg;rc2;rct;bin;rgs;gif;jpg;jpeg;jpe;resx;tiff;tif;png;wav;mfcribbon-ms</Extensions>
    </Filter>
    <Filter Include="Archivos de origen\FMOD">
      <UniqueIdentifier>{2b89e10d-bb7d-4b9f-9057-57e4ad718d7d}</UniqueIdentifier>
    </Filter>
    <Filter Include="Archivos de origen\FMOD\lib">
      <UniqueIdentifier>{e3c427d5-4888-486f-8b5e-22c1455a3141}</UniqueIdentifier>
    </Filter>
  </ItemGroup>
  <ItemGroup>
    <ClCompile Include="Source.cpp">
      <Filter>Archivos de origen</Filter>
    </ClCompile>
    <ClCompile Include="AudioEngine.cpp">
      <Filter>Archivos de origen</Filter>
    </ClCompile>
    <ClCompile Include="AudioManager.cpp">
      <Filter>Archivos de origen</Filter>
    </ClCompile>
  </ItemGroup>
  <ItemGroup>
    <ClInclude Include="AudioEngine.h">
      <Filter>Archivos de encabezado</Filter>
    </ClInclude>
    <ClInclude Include="FMOD\fmod.h">
      <Filter>Archivos de origen\FMOD</Filter>
    </ClInclude>
    <ClInclude Include="FMOD\fmod.hpp">
      <Filter>Archivos de origen\FMOD</Filter>
    </ClInclude>
    <ClInclude Include="FMOD\fmod_codec.h">
      <Filter>Archivos de origen\FMOD</Filter>
    </ClInclude>
    <ClInclude Include="FMOD\fmod_common.h">
      <Filter>Archivos de origen\FMOD</Filter>
    </ClInclude>
    <ClInclude Include="FMOD\fmod_dsp.h">
      <Filter>Archivos de origen\FMOD</Filter>
    </ClInclude>
    <ClInclude Include="FMOD\fmod_dsp_effects.h">
      <Filter>Archivos de origen\FMOD</Filter>
    </ClInclude>
    <ClInclude Include="FMOD\fmod_errors.h">
      <Filter>Archivos de origen\FMOD</Filter>
    </ClInclude>
    <ClInclude Include="FMOD\fmod_output.h">
      <Filter>Archivos de origen\FMOD</Filter>
    </ClInclude>
    <ClInclude Include="AudioManager.h">
      <Filter>Archivos de encabezado</Filter>
    </ClInclude>
  </ItemGroup>
  <ItemGroup>
    <None Include="FMOD\fmod.cs">
      <Filter>Archivos de origen\FMOD</Filter>
    </None>
    <None Include="FMOD\fmod_dsp.cs">
      <Filter>Archivos de origen\FMOD</Filter>
    </None>
    <None Include="FMOD\fmod_errors.cs">
      <Filter>Archivos de origen\FMOD</Filter>
    </None>
    <None Include="FMOD\lib\fmod.dll">
      <Filter>Archivos de origen\FMOD\lib</Filter>
    </None>
    <None Include="FMOD\lib\fmod64.dll">
      <Filter>Archivos de origen\FMOD\lib</Filter>
    </None>
    <None Include="FMOD\lib\fmodL.dll">
      <Filter>Archivos de origen\FMOD\lib</Filter>
    </None>
    <None Include="FMOD\lib\fmodL64.dll">
      <Filter>Archivos de origen\FMOD\lib</Filter>
    </None>
  </ItemGroup>
  <ItemGroup>
    <Library Include="FMOD\lib\fmod_vc.lib">
      <Filter>Archivos de origen\FMOD\lib</Filter>
    </Library>
    <Library Include="FMOD\lib\fmod64_vc.lib">
      <Filter>Archivos de origen\FMOD\lib</Filter>
    </Library>
    <Library Include="FMOD\lib\fmodL_vc.lib">
      <Filter>Archivos de origen\FMOD\lib</Filter>
    </Library>
    <Library Include="FMOD\lib\fmodL64_vc.lib">
      <Filter>Archivos de origen\FMOD\lib</Filter>
    </Library>
    <Library Include="FMOD\lib\libfmod.a">
      <Filter>Archivos de origen\FMOD\lib</Filter>
    </Library>
    <Library Include="FMOD\lib\libfmodL.a">
      <Filter>Archivos de origen\FMOD\lib</Filter>
    </Library>
  </ItemGroup>
</Project>