<?xml version="1.0" encoding="utf-8"?>
<Project ToolsVersion="4.0" xmlns="http://schemas.microsoft.com/developer/msbuild/2003">
  <ItemGroup>
    <Filter Include="Archivos de origen">
      <UniqueIdentifier>{4FC737F1-C7A5-4376-A066-2A32D752A2FF}</UniqueIdentifier>
      <Extensions>cpp;c;cc;cxx;def;odl;idl;hpj;bat;asm;asmx</Extensions>
    </Filter>
    <Filter Include="Archivos de encabezado">
      <UniqueIdentifier>{93995380-89BD-4b04-88EB-625FBE52EBFB}</UniqueIdentifier>
      <Extensions>h;hh;hpp;hxx;hm;inl;inc;ipp;xsd</Extensions>
    </Filter>
    <Filter Include="Archivos de recursos">
      <UniqueIdentifier>{67DA6AB6-F800-4c08-8B7A-83BB121AAD01}</UniqueIdentifier>
      <Extensions>rc;ico;cur;bmp;dlg;rc2;rct;bin;rgs;gif;jpg;jpeg;jpe;resx;tiff;tif;png;wav;mfcribbon-ms</Extensions>
    </Filter>
    <Filter Include="Core">
      <UniqueIdentifier>{084ca340-6eca-41ae-8f4c-d81f4b61995c}</UniqueIdentifier>
    </Filter>
    <Filter Include="Ejemplos">
      <UniqueIdentifier>{86e82ddb-4355-4db8-beaa-0fa990a92314}</UniqueIdentifier>
    </Filter>
    <Filter Include="Archivos de origen\Audio">
      <UniqueIdentifier>{511d0586-b6f2-4bb2-abb0-1a25547914f4}</UniqueIdentifier>
    </Filter>
    <Filter Include="Components">
      <UniqueIdentifier>{7c835055-8122-4d10-8b2a-62854a881fc0}</UniqueIdentifier>
    </Filter>
    <Filter Include="Core\ResourcesManager">
      <UniqueIdentifier>{78c739d0-14ac-407b-afc8-dde2a1dafd99}</UniqueIdentifier>
    </Filter>
    <Filter Include="Core\Loaders">
      <UniqueIdentifier>{5ada20a2-3424-4a10-b318-5995adc2d9a8}</UniqueIdentifier>
    </Filter>
  </ItemGroup>
  <ItemGroup>
    <ClInclude Include="..\..\Src\MotorEngine\Game.h">
      <Filter>Core</Filter>
    </ClInclude>
    <ClInclude Include="..\..\Src\MotorEngine\PhysicsManager.h">
      <Filter>Core</Filter>
    </ClInclude>
    <ClInclude Include="..\..\Src\MotorEngine\Scene.h">
      <Filter>Core</Filter>
    </ClInclude>
    <ClInclude Include="..\..\Src\MotorEngine\Component.h">
      <Filter>Core</Filter>
    </ClInclude>
    <ClInclude Include="..\..\Src\MotorEngine\GameObject.h">
      <Filter>Core</Filter>
    </ClInclude>
    <ClInclude Include="..\..\Src\MotorEngine\AudioEngine.h">
      <Filter>Archivos de origen\Audio</Filter>
    </ClInclude>
    <ClInclude Include="..\..\Src\MotorEngine\AudioManager.h">
      <Filter>Archivos de origen\Audio</Filter>
    </ClInclude>
    <ClInclude Include="..\..\Src\MotorEngine\Movement.h">
      <Filter>Ejemplos</Filter>
    </ClInclude>
    <ClInclude Include="..\..\Src\MotorEngine\MeshRenderer.h">
      <Filter>Components</Filter>
    </ClInclude>
    <ClInclude Include="..\..\Src\MotorEngine\ResourcesManager\json.hpp">
      <Filter>Core\ResourcesManager</Filter>
    </ClInclude>
    <ClInclude Include="..\..\Src\MotorEngine\ResourcesManager\JsonParser.h">
      <Filter>Core\ResourcesManager</Filter>
    </ClInclude>
    <ClInclude Include="..\..\Src\MotorEngine\ResourcesManager\LocalizationManager.h">
      <Filter>Core\ResourcesManager</Filter>
    </ClInclude>
    <ClInclude Include="..\..\Src\MotorEngine\ResourcesManager\ResourcesManager.h">
      <Filter>Core\ResourcesManager</Filter>
    </ClInclude>
    <ClInclude Include="..\..\Src\MotorEngine\Loaders\ComponentLoader.h">
      <Filter>Core\Loaders</Filter>
    </ClInclude>
    <ClInclude Include="..\..\Src\MotorEngine\Loaders\PrefabManager.h">
      <Filter>Core\Loaders</Filter>
    </ClInclude>
    <ClInclude Include="..\..\Src\MotorEngine\OISExample.h">
      <Filter>Ejemplos</Filter>
    </ClInclude>
    <ClInclude Include="..\..\Src\MotorEngine\InputManager.h">
      <Filter>Ejemplos</Filter>
    </ClInclude>
  </ItemGroup>
  <ItemGroup>
    <ClCompile Include="..\..\Src\MotorEngine\Game.cpp">
      <Filter>Core</Filter>
    </ClCompile>
    <ClCompile Include="..\..\Src\MotorEngine\PhysicsManager.cpp">
      <Filter>Core</Filter>
    </ClCompile>
    <ClCompile Include="..\..\Src\MotorEngine\Scene.cpp">
      <Filter>Core</Filter>
    </ClCompile>
    <ClCompile Include="..\..\Src\MotorEngine\Component.cpp">
      <Filter>Core</Filter>
    </ClCompile>
    <ClCompile Include="..\..\Src\MotorEngine\GameObject.cpp">
      <Filter>Core</Filter>
    </ClCompile>
    <ClCompile Include="..\..\Src\MotorEngine\AudioEngine.cpp">
      <Filter>Archivos de origen\Audio</Filter>
    </ClCompile>
    <ClCompile Include="..\..\Src\MotorEngine\AudioManager.cpp">
      <Filter>Archivos de origen\Audio</Filter>
    </ClCompile>
    <ClCompile Include="..\..\Src\MotorEngine\Movement.cpp">
      <Filter>Ejemplos</Filter>
    </ClCompile>
    <ClCompile Include="..\..\Src\MotorEngine\MeshRenderer.cpp">
      <Filter>Components</Filter>
    </ClCompile>
    <ClCompile Include="..\..\Src\MotorEngine\ResourcesManager\JsonParser.cpp">
      <Filter>Core\ResourcesManager</Filter>
    </ClCompile>
    <ClCompile Include="..\..\Src\MotorEngine\ResourcesManager\LocalizationManager.cpp">
      <Filter>Core\ResourcesManager</Filter>
    </ClCompile>
    <ClCompile Include="..\..\Src\MotorEngine\ResourcesManager\ResourcesManager.cpp">
      <Filter>Core\ResourcesManager</Filter>
    </ClCompile>
    <ClCompile Include="..\..\Src\MotorEngine\Loaders\ComponentLoader.cpp">
      <Filter>Core\Loaders</Filter>
    </ClCompile>
    <ClCompile Include="..\..\Src\MotorEngine\Loaders\PrefabManager.cpp">
      <Filter>Core\Loaders</Filter>
    </ClCompile>
    <ClCompile Include="..\..\Src\MotorEngine\OISExample.cpp">
      <Filter>Ejemplos</Filter>
    </ClCompile>
    <ClCompile Include="..\..\Src\MotorEngine\InputManager.cpp">
      <Filter>Ejemplos</Filter>
    </ClCompile>
  </ItemGroup>
</Project>