Microsoft Visual Studio Solution File, Format Version 12.00
# Visual Studio 15
Project("{8BC9CEB8-8B4A-11D0-8D11-00A0C91BC942}") = "ALL_BUILD", "ALL_BUILD.vcxproj", "{1FE2D6EB-B5B1-3E2E-B9D7-AAEE1F4D7183}"
	ProjectSection(ProjectDependencies) = postProject
		{F6439E61-CF93-3C6C-BB58-7AD0905F223F} = {F6439E61-CF93-3C6C-BB58-7AD0905F223F}
		{EFB85EB2-3FB0-313D-85BE-1CFDA7BF8E03} = {EFB85EB2-3FB0-313D-85BE-1CFDA7BF8E03}
		{E27D004A-9D7E-31BC-8641-FDA17EDCDA06} = {E27D004A-9D7E-31BC-8641-FDA17EDCDA06}
		{645AF9DE-CECE-3A0C-BF31-C2D9F8E95BBF} = {645AF9DE-CECE-3A0C-BF31-C2D9F8E95BBF}
	EndProjectSection
EndProject
Project("{8BC9CEB8-8B4A-11D0-8D11-00A0C91BC942}") = "ConsoleApp", "ConsoleApp.vcxproj", "{F6439E61-CF93-3C6C-BB58-7AD0905F223F}"
	ProjectSection(ProjectDependencies) = postProject
		{E27D004A-9D7E-31BC-8641-FDA17EDCDA06} = {E27D004A-9D7E-31BC-8641-FDA17EDCDA06}
		{645AF9DE-CECE-3A0C-BF31-C2D9F8E95BBF} = {645AF9DE-CECE-3A0C-BF31-C2D9F8E95BBF}
	EndProjectSection
EndProject
Project("{8BC9CEB8-8B4A-11D0-8D11-00A0C91BC942}") = "FFConsoleApp", "FFConsoleApp.vcxproj", "{EFB85EB2-3FB0-313D-85BE-1CFDA7BF8E03}"
	ProjectSection(ProjectDependencies) = postProject
		{E27D004A-9D7E-31BC-8641-FDA17EDCDA06} = {E27D004A-9D7E-31BC-8641-FDA17EDCDA06}
		{645AF9DE-CECE-3A0C-BF31-C2D9F8E95BBF} = {645AF9DE-CECE-3A0C-BF31-C2D9F8E95BBF}
	EndProjectSection
EndProject
Project("{8BC9CEB8-8B4A-11D0-8D11-00A0C91BC942}") = "INSTALL", "INSTALL.vcxproj", "{6B7AB98B-95A1-3520-B35B-C53BB287159D}"
	ProjectSection(ProjectDependencies) = postProject
		{1FE2D6EB-B5B1-3E2E-B9D7-AAEE1F4D7183} = {1FE2D6EB-B5B1-3E2E-B9D7-AAEE1F4D7183}
		{645AF9DE-CECE-3A0C-BF31-C2D9F8E95BBF} = {645AF9DE-CECE-3A0C-BF31-C2D9F8E95BBF}
	EndProjectSection
EndProject
Project("{8BC9CEB8-8B4A-11D0-8D11-00A0C91BC942}") = "OIS", "OIS.vcxproj", "{E27D004A-9D7E-31BC-8641-FDA17EDCDA06}"
	ProjectSection(ProjectDependencies) = postProject
		{645AF9DE-CECE-3A0C-BF31-C2D9F8E95BBF} = {645AF9DE-CECE-3A0C-BF31-C2D9F8E95BBF}
	EndProjectSection
EndProject
Project("{8BC9CEB8-8B4A-11D0-8D11-00A0C91BC942}") = "ZERO_CHECK", "ZERO_CHECK.vcxproj", "{645AF9DE-CECE-3A0C-BF31-C2D9F8E95BBF}"
	ProjectSection(ProjectDependencies) = postProject
	EndProjectSection
EndProject
Global
	GlobalSection(SolutionConfigurationPlatforms) = preSolution
		Debug|Win32 = Debug|Win32
		Release|Win32 = Release|Win32
		MinSizeRel|Win32 = MinSizeRel|Win32
		RelWithDebInfo|Win32 = RelWithDebInfo|Win32
	EndGlobalSection
	GlobalSection(ProjectConfigurationPlatforms) = postSolution
		{1FE2D6EB-B5B1-3E2E-B9D7-AAEE1F4D7183}.Debug|Win32.ActiveCfg = Debug|Win32
		{1FE2D6EB-B5B1-3E2E-B9D7-AAEE1F4D7183}.Debug|Win32.Build.0 = Debug|Win32
		{1FE2D6EB-B5B1-3E2E-B9D7-AAEE1F4D7183}.Release|Win32.ActiveCfg = Release|Win32
		{1FE2D6EB-B5B1-3E2E-B9D7-AAEE1F4D7183}.Release|Win32.Build.0 = Release|Win32
		{1FE2D6EB-B5B1-3E2E-B9D7-AAEE1F4D7183}.MinSizeRel|Win32.ActiveCfg = MinSizeRel|Win32
		{1FE2D6EB-B5B1-3E2E-B9D7-AAEE1F4D7183}.MinSizeRel|Win32.Build.0 = MinSizeRel|Win32
		{1FE2D6EB-B5B1-3E2E-B9D7-AAEE1F4D7183}.RelWithDebInfo|Win32.ActiveCfg = RelWithDebInfo|Win32
		{1FE2D6EB-B5B1-3E2E-B9D7-AAEE1F4D7183}.RelWithDebInfo|Win32.Build.0 = RelWithDebInfo|Win32
		{F6439E61-CF93-3C6C-BB58-7AD0905F223F}.Debug|Win32.ActiveCfg = Debug|Win32
		{F6439E61-CF93-3C6C-BB58-7AD0905F223F}.Debug|Win32.Build.0 = Debug|Win32
		{F6439E61-CF93-3C6C-BB58-7AD0905F223F}.Release|Win32.ActiveCfg = Release|Win32
		{F6439E61-CF93-3C6C-BB58-7AD0905F223F}.Release|Win32.Build.0 = Release|Win32
		{F6439E61-CF93-3C6C-BB58-7AD0905F223F}.MinSizeRel|Win32.ActiveCfg = MinSizeRel|Win32
		{F6439E61-CF93-3C6C-BB58-7AD0905F223F}.MinSizeRel|Win32.Build.0 = MinSizeRel|Win32
		{F6439E61-CF93-3C6C-BB58-7AD0905F223F}.RelWithDebInfo|Win32.ActiveCfg = RelWithDebInfo|Win32
		{F6439E61-CF93-3C6C-BB58-7AD0905F223F}.RelWithDebInfo|Win32.Build.0 = RelWithDebInfo|Win32
		{EFB85EB2-3FB0-313D-85BE-1CFDA7BF8E03}.Debug|Win32.ActiveCfg = Debug|Win32
		{EFB85EB2-3FB0-313D-85BE-1CFDA7BF8E03}.Debug|Win32.Build.0 = Debug|Win32
		{EFB85EB2-3FB0-313D-85BE-1CFDA7BF8E03}.Release|Win32.ActiveCfg = Release|Win32
		{EFB85EB2-3FB0-313D-85BE-1CFDA7BF8E03}.Release|Win32.Build.0 = Release|Win32
		{EFB85EB2-3FB0-313D-85BE-1CFDA7BF8E03}.MinSizeRel|Win32.ActiveCfg = MinSizeRel|Win32
		{EFB85EB2-3FB0-313D-85BE-1CFDA7BF8E03}.MinSizeRel|Win32.Build.0 = MinSizeRel|Win32
		{EFB85EB2-3FB0-313D-85BE-1CFDA7BF8E03}.RelWithDebInfo|Win32.ActiveCfg = RelWithDebInfo|Win32
		{EFB85EB2-3FB0-313D-85BE-1CFDA7BF8E03}.RelWithDebInfo|Win32.Build.0 = RelWithDebInfo|Win32
		{6B7AB98B-95A1-3520-B35B-C53BB287159D}.Debug|Win32.ActiveCfg = Debug|Win32
		{6B7AB98B-95A1-3520-B35B-C53BB287159D}.Release|Win32.ActiveCfg = Release|Win32
		{6B7AB98B-95A1-3520-B35B-C53BB287159D}.MinSizeRel|Win32.ActiveCfg = MinSizeRel|Win32
		{6B7AB98B-95A1-3520-B35B-C53BB287159D}.RelWithDebInfo|Win32.ActiveCfg = RelWithDebInfo|Win32
		{E27D004A-9D7E-31BC-8641-FDA17EDCDA06}.Debug|Win32.ActiveCfg = Debug|Win32
		{E27D004A-9D7E-31BC-8641-FDA17EDCDA06}.Debug|Win32.Build.0 = Debug|Win32
		{E27D004A-9D7E-31BC-8641-FDA17EDCDA06}.Release|Win32.ActiveCfg = Release|Win32
		{E27D004A-9D7E-31BC-8641-FDA17EDCDA06}.Release|Win32.Build.0 = Release|Win32
		{E27D004A-9D7E-31BC-8641-FDA17EDCDA06}.MinSizeRel|Win32.ActiveCfg = MinSizeRel|Win32
		{E27D004A-9D7E-31BC-8641-FDA17EDCDA06}.MinSizeRel|Win32.Build.0 = MinSizeRel|Win32
		{E27D004A-9D7E-31BC-8641-FDA17EDCDA06}.RelWithDebInfo|Win32.ActiveCfg = RelWithDebInfo|Win32
		{E27D004A-9D7E-31BC-8641-FDA17EDCDA06}.RelWithDebInfo|Win32.Build.0 = RelWithDebInfo|Win32
		{645AF9DE-CECE-3A0C-BF31-C2D9F8E95BBF}.Debug|Win32.ActiveCfg = Debug|Win32
		{645AF9DE-CECE-3A0C-BF31-C2D9F8E95BBF}.Debug|Win32.Build.0 = Debug|Win32
		{645AF9DE-CECE-3A0C-BF31-C2D9F8E95BBF}.Release|Win32.ActiveCfg = Release|Win32
		{645AF9DE-CECE-3A0C-BF31-C2D9F8E95BBF}.Release|Win32.Build.0 = Release|Win32
		{645AF9DE-CECE-3A0C-BF31-C2D9F8E95BBF}.MinSizeRel|Win32.ActiveCfg = MinSizeRel|Win32
		{645AF9DE-CECE-3A0C-BF31-C2D9F8E95BBF}.MinSizeRel|Win32.Build.0 = MinSizeRel|Win32
		{645AF9DE-CECE-3A0C-BF31-C2D9F8E95BBF}.RelWithDebInfo|Win32.ActiveCfg = RelWithDebInfo|Win32
		{645AF9DE-CECE-3A0C-BF31-C2D9F8E95BBF}.RelWithDebInfo|Win32.Build.0 = RelWithDebInfo|Win32
	EndGlobalSection
	GlobalSection(ExtensibilityGlobals) = postSolution
		SolutionGuid = {7816368D-DAEC-35CB-9B6B-DDEF2C528A6D}
	EndGlobalSection
	GlobalSection(ExtensibilityAddIns) = postSolution
	EndGlobalSection
EndGlobal
