<?xml version="1.0" encoding="utf-8"?>
<Project ToolsVersion="15.0" xmlns="http://schemas.microsoft.com/developer/msbuild/2003">
  <ItemGroup>
    <CustomBuild Include="C:\Users\Diego\Desktop\proyecto 3\oisbuild\CMakeFiles\702be798ad6ef71c7a254bee9aca62c5\generate.stamp.rule">
      <Filter>CMake Rules</Filter>
    </CustomBuild>
  </ItemGroup>
  <ItemGroup>
    <Filter Include="CMake Rules">
      <UniqueIdentifier>{938E80EC-C027-30EE-B951-46886A2F3C5C}</UniqueIdentifier>
    </Filter>
  </ItemGroup>
</Project>
