<?xml version="1.0" encoding="utf-8"?>
<Project ToolsVersion="4.0" xmlns="http://schemas.microsoft.com/developer/msbuild/2003">
  <ItemGroup>
    <Filter Include="Archivos de origen">
      <UniqueIdentifier>{4FC737F1-C7A5-4376-A066-2A32D752A2FF}</UniqueIdentifier>
      <Extensions>cpp;c;cc;cxx;def;odl;idl;hpj;bat;asm;asmx</Extensions>
    </Filter>
    <Filter Include="Archivos de encabezado">
      <UniqueIdentifier>{93995380-89BD-4b04-88EB-625FBE52EBFB}</UniqueIdentifier>
      <Extensions>h;hh;hpp;hxx;hm;inl;inc;ipp;xsd</Extensions>
    </Filter>
    <Filter Include="Archivos de recursos">
      <UniqueIdentifier>{67DA6AB6-F800-4c08-8B7A-83BB121AAD01}</UniqueIdentifier>
      <Extensions>rc;ico;cur;bmp;dlg;rc2;rct;bin;rgs;gif;jpg;jpeg;jpe;resx;tiff;tif;png;wav;mfcribbon-ms</Extensions>
    </Filter>
    <Filter Include="Loaders">
      <UniqueIdentifier>{6f741e51-69ff-4340-b9e9-8de590060331}</UniqueIdentifier>
    </Filter>
    <Filter Include="Componentes">
      <UniqueIdentifier>{bdf6c371-9da7-4e27-a473-0a07ba27b0fa}</UniqueIdentifier>
    </Filter>
    <Filter Include="Armas">
      <UniqueIdentifier>{b40fe1ec-a3a7-496a-84f6-3903f1932b00}</UniqueIdentifier>
    </Filter>
    <Filter Include="Componentes\RigidBodyComponents">
      <UniqueIdentifier>{854f9ab4-2754-4f64-bdec-20c037434ab8}</UniqueIdentifier>
    </Filter>
  </ItemGroup>
  <ItemGroup>
    <ClCompile Include="..\..\Src\Game\main.cpp">
      <Filter>Archivos de origen</Filter>
    </ClCompile>
    <ClCompile Include="..\..\Src\Game\Loader\MyComponentLoader.cpp">
      <Filter>Loaders</Filter>
    </ClCompile>
    <ClCompile Include="..\..\Src\Game\Armas\Weapon.cpp">
      <Filter>Armas</Filter>
    </ClCompile>
    <ClCompile Include="..\..\Src\MotorEngine\EnemyRigidBody.cpp">
      <Filter>Componentes\RigidBodyComponents</Filter>
    </ClCompile>
    <ClCompile Include="..\..\Src\Game\Componentes\ObstacleRigidBody.cpp">
      <Filter>Componentes\RigidBodyComponents</Filter>
    </ClCompile>
    <ClCompile Include="..\..\Src\Game\Armas\WeaponBullet.cpp">
      <Filter>Armas</Filter>
    </ClCompile>
  </ItemGroup>
  <ItemGroup>
    <ClInclude Include="..\..\Src\Game\Loader\MyComponentLoader.h">
      <Filter>Loaders</Filter>
    </ClInclude>
    <ClInclude Include="..\..\Src\Game\Armas\Weapon.h">
      <Filter>Armas</Filter>
    </ClInclude>
    <ClInclude Include="..\..\Src\MotorEngine\EnemyRigidBody.h">
      <Filter>Componentes\RigidBodyComponents</Filter>
    </ClInclude>
    <ClInclude Include="..\..\Src\Game\Componentes\ObstacleRigidBody.h">
      <Filter>Componentes\RigidBodyComponents</Filter>
    </ClInclude>
    <ClInclude Include="..\..\Src\Game\Armas\WeaponBullet.h">
      <Filter>Armas</Filter>
    </ClInclude>
  </ItemGroup>
</Project>