<?xml version="1.0" encoding="utf-8"?>
<Project ToolsVersion="4.0" xmlns="http://schemas.microsoft.com/developer/msbuild/2003">
  <ItemGroup>
    <Filter Include="Archivos de origen">
      <UniqueIdentifier>{4FC737F1-C7A5-4376-A066-2A32D752A2FF}</UniqueIdentifier>
      <Extensions>cpp;c;cc;cxx;def;odl;idl;hpj;bat;asm;asmx</Extensions>
    </Filter>
    <Filter Include="Archivos de encabezado">
      <UniqueIdentifier>{93995380-89BD-4b04-88EB-625FBE52EBFB}</UniqueIdentifier>
      <Extensions>h;hh;hpp;hxx;hm;inl;inc;ipp;xsd</Extensions>
    </Filter>
    <Filter Include="Archivos de recursos">
      <UniqueIdentifier>{67DA6AB6-F800-4c08-8B7A-83BB121AAD01}</UniqueIdentifier>
      <Extensions>rc;ico;cur;bmp;dlg;rc2;rct;bin;rgs;gif;jpg;jpeg;jpe;resx;tiff;tif;png;wav;mfcribbon-ms</Extensions>
    </Filter>
    <Filter Include="Loaders">
      <UniqueIdentifier>{6f741e51-69ff-4340-b9e9-8de590060331}</UniqueIdentifier>
    </Filter>
    <Filter Include="Componentes">
      <UniqueIdentifier>{bdf6c371-9da7-4e27-a473-0a07ba27b0fa}</UniqueIdentifier>
    </Filter>
    <Filter Include="Armas">
      <UniqueIdentifier>{b40fe1ec-a3a7-496a-84f6-3903f1932b00}</UniqueIdentifier>
    </Filter>
    <Filter Include="Componentes\RigidBodyComponents">
      <UniqueIdentifier>{854f9ab4-2754-4f64-bdec-20c037434ab8}</UniqueIdentifier>
    </Filter>
    <Filter Include="Componentes\Player">
      <UniqueIdentifier>{a2ca5d9e-ee4d-4eeb-afb4-53fb3d4abf63}</UniqueIdentifier>
    </Filter>
    <Filter Include="Mapa">
      <UniqueIdentifier>{8d09af09-5c00-4ef0-8860-26d29a907708}</UniqueIdentifier>
    </Filter>
    <Filter Include="Componentes\Enemies">
      <UniqueIdentifier>{d522f2a6-f454-4648-bc8d-9246d4265cee}</UniqueIdentifier>
    </Filter>
    <Filter Include="Componentes\GUI">
      <UniqueIdentifier>{160e77f8-ec60-4af4-8283-d762e48353be}</UniqueIdentifier>
    </Filter>
  </ItemGroup>
  <ItemGroup>
    <ClCompile Include="..\..\Src\Game\main.cpp">
      <Filter>Archivos de origen</Filter>
    </ClCompile>
    <ClCompile Include="..\..\Src\Game\Loader\MyComponentLoader.cpp">
      <Filter>Loaders</Filter>
    </ClCompile>
    <ClCompile Include="..\..\Src\Game\Armas\Weapon.cpp">
      <Filter>Armas</Filter>
    </ClCompile>
    <ClCompile Include="..\..\Src\Game\Componentes\ObstacleRigidBody.cpp">
      <Filter>Componentes\RigidBodyComponents</Filter>
    </ClCompile>
    <ClCompile Include="..\..\Src\Game\Armas\WeaponBullet.cpp">
      <Filter>Armas</Filter>
    </ClCompile>
    <ClCompile Include="..\..\Src\Game\Componentes\Player\PlayerCollision.cpp">
      <Filter>Componentes\Player</Filter>
    </ClCompile>
    <ClCompile Include="..\..\Src\Game\Mapa\RoomManager.cpp">
      <Filter>Mapa</Filter>
    </ClCompile>
    <ClCompile Include="..\..\Src\Game\Mapa\Room.cpp">
      <Filter>Mapa</Filter>
    </ClCompile>
    <ClCompile Include="..\..\Src\Game\Mapa\Spawner.cpp">
      <Filter>Mapa</Filter>
    </ClCompile>
    <ClCompile Include="..\..\Src\Game\Mapa\Entry.cpp">
      <Filter>Mapa</Filter>
    </ClCompile>
    <ClCompile Include="..\..\Src\Game\Componentes\Player\PlayerTrigger.cpp">
      <Filter>Componentes\Player</Filter>
    </ClCompile>
    <ClCompile Include="..\..\Src\Game\Mapa\SkipRoom.cpp">
      <Filter>Mapa</Filter>
    </ClCompile>
    <ClCompile Include="..\..\Src\Game\Componentes\Enemies\Enemy.cpp">
      <Filter>Componentes\Enemies</Filter>
    </ClCompile>
    <ClCompile Include="..\..\Src\Game\Componentes\Enemies\EnemyTest.cpp">
      <Filter>Componentes\Enemies</Filter>
    </ClCompile>
    <ClCompile Include="..\..\Src\Game\Componentes\Enemies\KnifeGuy.cpp">
      <Filter>Componentes\Enemies</Filter>
    </ClCompile>
    <ClCompile Include="..\..\Src\Game\Componentes\Enemies\EnemyRigidBody.cpp">
      <Filter>Componentes\Enemies</Filter>
    </ClCompile>
    <ClCompile Include="..\..\Src\Game\Componentes\Enemies\ShyGuy.cpp">
      <Filter>Componentes\Enemies</Filter>
    </ClCompile>
    <ClCompile Include="..\..\Src\Game\Componentes\GUILoader.cpp">
      <Filter>Componentes\GUI</Filter>
    </ClCompile>
    <ClCompile Include="..\..\Src\Game\Componentes\Player\PlayerController.cpp">
      <Filter>Componentes\Player</Filter>
    </ClCompile>
    <ClCompile Include="..\..\Src\Game\Componentes\Enemies\ButterGuy.cpp">
      <Filter>Componentes\Enemies</Filter>
    </ClCompile>
    <ClCompile Include="..\..\Src\Game\Componentes\Enemies\EnemyBullet.cpp">
      <Filter>Componentes\Enemies</Filter>
    </ClCompile>
    <ClCompile Include="..\..\Src\Game\Mapa\MapHandler.cpp">
      <Filter>Mapa</Filter>
    </ClCompile>
    <ClCompile Include="..\..\Src\Game\Componentes\Enemies\SpawnOnDestroy.cpp">
      <Filter>Componentes\Enemies</Filter>
    </ClCompile>
  </ItemGroup>
  <ItemGroup>
    <ClInclude Include="..\..\Src\Game\Loader\MyComponentLoader.h">
      <Filter>Loaders</Filter>
    </ClInclude>
    <ClInclude Include="..\..\Src\Game\Armas\Weapon.h">
      <Filter>Armas</Filter>
    </ClInclude>
    <ClInclude Include="..\..\Src\Game\Componentes\ObstacleRigidBody.h">
      <Filter>Componentes\RigidBodyComponents</Filter>
    </ClInclude>
    <ClInclude Include="..\..\Src\Game\Armas\WeaponBullet.h">
      <Filter>Armas</Filter>
    </ClInclude>
    <ClInclude Include="..\..\Src\Game\Componentes\Player\PlayerCollision.h">
      <Filter>Componentes\Player</Filter>
    </ClInclude>
    <ClInclude Include="..\..\Src\Game\Mapa\RoomManager.h">
      <Filter>Mapa</Filter>
    </ClInclude>
    <ClInclude Include="..\..\Src\Game\Mapa\Room.h">
      <Filter>Mapa</Filter>
    </ClInclude>
    <ClInclude Include="..\..\Src\Game\Mapa\Spawner.h">
      <Filter>Mapa</Filter>
    </ClInclude>
    <ClInclude Include="..\..\Src\Game\Mapa\Entry.h">
      <Filter>Mapa</Filter>
    </ClInclude>
    <ClInclude Include="..\..\Src\Game\Componentes\Player\PlayerTrigger.h">
      <Filter>Componentes\Player</Filter>
    </ClInclude>
    <ClInclude Include="..\..\Src\Game\Mapa\SkipRoom.h">
      <Filter>Mapa</Filter>
    </ClInclude>
    <ClInclude Include="..\..\Src\Game\Componentes\Enemies\Enemy.h">
      <Filter>Componentes\Enemies</Filter>
    </ClInclude>
    <ClInclude Include="..\..\Src\Game\Componentes\Enemies\EnemyTest.h">
      <Filter>Componentes\Enemies</Filter>
    </ClInclude>
    <ClInclude Include="..\..\Src\Game\Componentes\Enemies\KnifeGuy.h">
      <Filter>Componentes\Enemies</Filter>
    </ClInclude>
    <ClInclude Include="..\..\Src\Game\Componentes\Enemies\EnemyRigidBody.h">
      <Filter>Componentes\Enemies</Filter>
    </ClInclude>
    <ClInclude Include="..\..\Src\Game\Componentes\Enemies\ShyGuy.h">
      <Filter>Componentes\Enemies</Filter>
    </ClInclude>
    <ClInclude Include="..\..\Src\Game\Componentes\GUILoader.h">
      <Filter>Componentes\GUI</Filter>
    </ClInclude>
    <ClInclude Include="..\..\Src\Game\Componentes\Player\PlayerController.h">
      <Filter>Componentes\Player</Filter>
    </ClInclude>
    <ClInclude Include="..\..\Src\Game\Componentes\Enemies\ButterGuy.h">
      <Filter>Componentes\Enemies</Filter>
    </ClInclude>
    <ClInclude Include="..\..\Src\Game\Componentes\Enemies\EnemyBullet.h">
      <Filter>Componentes\Enemies</Filter>
    </ClInclude>
    <ClInclude Include="..\..\Src\Game\Mapa\MapHandler.h">
      <Filter>Mapa</Filter>
    </ClInclude>
    <ClInclude Include="..\..\Src\Game\Componentes\Enemies\SpawnOnDestroy.h">
      <Filter>Componentes\Enemies</Filter>
    </ClInclude>
  </ItemGroup>
</Project>